// !$*UTF8*$!
{
	archiveVersion = 1;
	classes = {
	};
	objectVersion = 46;
	objects = {

/* Begin PBXBuildFile section */
		87BD445515580EC70004853F /* Foundation.framework in Frameworks */ = {isa = PBXBuildFile; fileRef = 87BD445415580EC70004853F /* Foundation.framework */; };
		87BD448215580F7B0004853F /* KxCast.m in Sources */ = {isa = PBXBuildFile; fileRef = 87BD446A15580F7B0004853F /* KxCast.m */; };
		87BD448315580F7B0004853F /* KxConsole.m in Sources */ = {isa = PBXBuildFile; fileRef = 87BD446C15580F7B0004853F /* KxConsole.m */; };
		87BD448415580F7B0004853F /* KxList.m in Sources */ = {isa = PBXBuildFile; fileRef = 87BD446E15580F7B0004853F /* KxList.m */; };
		87BD448515580F7B0004853F /* KxTuple2.m in Sources */ = {isa = PBXBuildFile; fileRef = 87BD447115580F7B0004853F /* KxTuple2.m */; };
		87BD448615580F7B0004853F /* KxUtils.m in Sources */ = {isa = PBXBuildFile; fileRef = 87BD447315580F7B0004853F /* KxUtils.m */; };
		87BD448715580F7B0004853F /* NSArray+Kolyvan.m in Sources */ = {isa = PBXBuildFile; fileRef = 87BD447515580F7B0004853F /* NSArray+Kolyvan.m */; };
		87BD448815580F7B0004853F /* NSData+Kolyvan.m in Sources */ = {isa = PBXBuildFile; fileRef = 87BD447715580F7B0004853F /* NSData+Kolyvan.m */; };
		87BD448915580F7B0004853F /* NSDate+Kolyvan.m in Sources */ = {isa = PBXBuildFile; fileRef = 87BD447915580F7B0004853F /* NSDate+Kolyvan.m */; };
		87BD448A15580F7B0004853F /* NSDictionary+Kolyvan.m in Sources */ = {isa = PBXBuildFile; fileRef = 87BD447B15580F7B0004853F /* NSDictionary+Kolyvan.m */; };
		87BD448C15580F7B0004853F /* NSObject+Kolyvan.m in Sources */ = {isa = PBXBuildFile; fileRef = 87BD447F15580F7B0004853F /* NSObject+Kolyvan.m */; };
		87BD448D15580F7B0004853F /* NSString+Kolyvan.m in Sources */ = {isa = PBXBuildFile; fileRef = 87BD448115580F7B0004853F /* NSString+Kolyvan.m */; };
		87BD449415580FB40004853F /* Foundation.framework in Frameworks */ = {isa = PBXBuildFile; fileRef = 87BD445415580EC70004853F /* Foundation.framework */; };
		87BD449715580FB40004853F /* main.m in Sources */ = {isa = PBXBuildFile; fileRef = 87BD449615580FB40004853F /* main.m */; };
		87BD44A4155810160004853F /* Cedar.framework in Frameworks */ = {isa = PBXBuildFile; fileRef = 87BD446315580F3E0004853F /* Cedar.framework */; };
		87BD44A51558101A0004853F /* OCHamcrest.framework in Frameworks */ = {isa = PBXBuildFile; fileRef = 87BD446415580F3E0004853F /* OCHamcrest.framework */; };
		87BD44AD155810320004853F /* KxListSpec.m in Sources */ = {isa = PBXBuildFile; fileRef = 87BD44A6155810320004853F /* KxListSpec.m */; };
		87BD44AE155810320004853F /* NSArraySpec.m in Sources */ = {isa = PBXBuildFile; fileRef = 87BD44A7155810320004853F /* NSArraySpec.m */; };
		87BD44AF155810320004853F /* NSDataSpec.m in Sources */ = {isa = PBXBuildFile; fileRef = 87BD44A8155810320004853F /* NSDataSpec.m */; };
		87BD44B0155810320004853F /* NSDateSpec.m in Sources */ = {isa = PBXBuildFile; fileRef = 87BD44A9155810320004853F /* NSDateSpec.m */; };
		87BD44B1155810320004853F /* NSDictionarySpec.m in Sources */ = {isa = PBXBuildFile; fileRef = 87BD44AA155810320004853F /* NSDictionarySpec.m */; };
		87BD44B2155810320004853F /* NSStringSpec.m in Sources */ = {isa = PBXBuildFile; fileRef = 87BD44AB155810320004853F /* NSStringSpec.m */; };
		87BD44B3155810320004853F /* Tuple2Spec.m in Sources */ = {isa = PBXBuildFile; fileRef = 87BD44AC155810320004853F /* Tuple2Spec.m */; };
		87BD44B41558104A0004853F /* KxCast.m in Sources */ = {isa = PBXBuildFile; fileRef = 87BD446A15580F7B0004853F /* KxCast.m */; };
		87BD44B5155810510004853F /* KxList.m in Sources */ = {isa = PBXBuildFile; fileRef = 87BD446E15580F7B0004853F /* KxList.m */; };
		87BD44B6155810550004853F /* KxTuple2.m in Sources */ = {isa = PBXBuildFile; fileRef = 87BD447115580F7B0004853F /* KxTuple2.m */; };
		87BD44B7155810580004853F /* KxUtils.m in Sources */ = {isa = PBXBuildFile; fileRef = 87BD447315580F7B0004853F /* KxUtils.m */; };
		87BD44B81558105B0004853F /* NSArray+Kolyvan.m in Sources */ = {isa = PBXBuildFile; fileRef = 87BD447515580F7B0004853F /* NSArray+Kolyvan.m */; };
		87BD44B9155810600004853F /* NSData+Kolyvan.m in Sources */ = {isa = PBXBuildFile; fileRef = 87BD447715580F7B0004853F /* NSData+Kolyvan.m */; };
		87BD44BA155810670004853F /* NSDate+Kolyvan.m in Sources */ = {isa = PBXBuildFile; fileRef = 87BD447915580F7B0004853F /* NSDate+Kolyvan.m */; };
		87BD44BB1558106E0004853F /* NSDictionary+Kolyvan.m in Sources */ = {isa = PBXBuildFile; fileRef = 87BD447B15580F7B0004853F /* NSDictionary+Kolyvan.m */; };
		87BD44BD155810750004853F /* NSObject+Kolyvan.m in Sources */ = {isa = PBXBuildFile; fileRef = 87BD447F15580F7B0004853F /* NSObject+Kolyvan.m */; };
		87BD44BE155810780004853F /* NSString+Kolyvan.m in Sources */ = {isa = PBXBuildFile; fileRef = 87BD448115580F7B0004853F /* NSString+Kolyvan.m */; };
		87BD44BF155811470004853F /* Cedar.framework in CopyFiles */ = {isa = PBXBuildFile; fileRef = 87BD446315580F3E0004853F /* Cedar.framework */; };
		87BD44C0155811490004853F /* OCHamcrest.framework in CopyFiles */ = {isa = PBXBuildFile; fileRef = 87BD446415580F3E0004853F /* OCHamcrest.framework */; };
		87CFB20715A9ABBD008CCD1D /* libz.dylib in Frameworks */ = {isa = PBXBuildFile; fileRef = 87CFB20615A9ABBD008CCD1D /* libz.dylib */; };
/* End PBXBuildFile section */

/* Begin PBXCopyFilesBuildPhase section */
		87BD444E15580EC70004853F /* CopyFiles */ = {
			isa = PBXCopyFilesBuildPhase;
			buildActionMask = 2147483647;
			dstPath = /usr/share/man/man1/;
			dstSubfolderSpec = 0;
			files = (
			);
			runOnlyForDeploymentPostprocessing = 1;
		};
		87BD449015580FB40004853F /* CopyFiles */ = {
			isa = PBXCopyFilesBuildPhase;
			buildActionMask = 12;
			dstPath = "";
			dstSubfolderSpec = 10;
			files = (
				87BD44BF155811470004853F /* Cedar.framework in CopyFiles */,
				87BD44C0155811490004853F /* OCHamcrest.framework in CopyFiles */,
			);
			runOnlyForDeploymentPostprocessing = 0;
		};
/* End PBXCopyFilesBuildPhase section */

/* Begin PBXFileReference section */
		8771A6691558E782001BB718 /* KxArc.h */ = {isa = PBXFileReference; fileEncoding = 4; lastKnownFileType = sourcecode.c.h; path = KxArc.h; sourceTree = "<group>"; };
		87BD445015580EC70004853F /* kxtools */ = {isa = PBXFileReference; explicitFileType = "compiled.mach-o.executable"; includeInIndex = 0; path = kxtools; sourceTree = BUILT_PRODUCTS_DIR; };
		87BD445415580EC70004853F /* Foundation.framework */ = {isa = PBXFileReference; lastKnownFileType = wrapper.framework; name = Foundation.framework; path = System/Library/Frameworks/Foundation.framework; sourceTree = SDKROOT; };
		87BD446315580F3E0004853F /* Cedar.framework */ = {isa = PBXFileReference; lastKnownFileType = wrapper.framework; name = Cedar.framework; path = Frameworks/Cedar.framework; sourceTree = "<group>"; };
		87BD446415580F3E0004853F /* OCHamcrest.framework */ = {isa = PBXFileReference; lastKnownFileType = wrapper.framework; name = OCHamcrest.framework; path = Frameworks/OCHamcrest.framework; sourceTree = "<group>"; };
		87BD446915580F7B0004853F /* KxCast.h */ = {isa = PBXFileReference; fileEncoding = 4; lastKnownFileType = sourcecode.c.h; path = KxCast.h; sourceTree = "<group>"; };
		87BD446A15580F7B0004853F /* KxCast.m */ = {isa = PBXFileReference; fileEncoding = 4; lastKnownFileType = sourcecode.c.objc; path = KxCast.m; sourceTree = "<group>"; };
		87BD446B15580F7B0004853F /* KxConsole.h */ = {isa = PBXFileReference; fileEncoding = 4; lastKnownFileType = sourcecode.c.h; path = KxConsole.h; sourceTree = "<group>"; };
		87BD446C15580F7B0004853F /* KxConsole.m */ = {isa = PBXFileReference; fileEncoding = 4; lastKnownFileType = sourcecode.c.objc; path = KxConsole.m; sourceTree = "<group>"; };
		87BD446D15580F7B0004853F /* KxList.h */ = {isa = PBXFileReference; fileEncoding = 4; lastKnownFileType = sourcecode.c.h; path = KxList.h; sourceTree = "<group>"; };
		87BD446E15580F7B0004853F /* KxList.m */ = {isa = PBXFileReference; fileEncoding = 4; lastKnownFileType = sourcecode.c.objc; path = KxList.m; sourceTree = "<group>"; };
		87BD446F15580F7B0004853F /* KxMacros.h */ = {isa = PBXFileReference; fileEncoding = 4; lastKnownFileType = sourcecode.c.h; path = KxMacros.h; sourceTree = "<group>"; };
		87BD447015580F7B0004853F /* KxTuple2.h */ = {isa = PBXFileReference; fileEncoding = 4; lastKnownFileType = sourcecode.c.h; path = KxTuple2.h; sourceTree = "<group>"; };
		87BD447115580F7B0004853F /* KxTuple2.m */ = {isa = PBXFileReference; fileEncoding = 4; lastKnownFileType = sourcecode.c.objc; path = KxTuple2.m; sourceTree = "<group>"; };
		87BD447215580F7B0004853F /* KxUtils.h */ = {isa = PBXFileReference; fileEncoding = 4; lastKnownFileType = sourcecode.c.h; path = KxUtils.h; sourceTree = "<group>"; };
		87BD447315580F7B0004853F /* KxUtils.m */ = {isa = PBXFileReference; fileEncoding = 4; lastKnownFileType = sourcecode.c.objc; path = KxUtils.m; sourceTree = "<group>"; };
		87BD447415580F7B0004853F /* NSArray+Kolyvan.h */ = {isa = PBXFileReference; fileEncoding = 4; lastKnownFileType = sourcecode.c.h; path = "NSArray+Kolyvan.h"; sourceTree = "<group>"; };
		87BD447515580F7B0004853F /* NSArray+Kolyvan.m */ = {isa = PBXFileReference; fileEncoding = 4; lastKnownFileType = sourcecode.c.objc; path = "NSArray+Kolyvan.m"; sourceTree = "<group>"; };
		87BD447615580F7B0004853F /* NSData+Kolyvan.h */ = {isa = PBXFileReference; fileEncoding = 4; lastKnownFileType = sourcecode.c.h; path = "NSData+Kolyvan.h"; sourceTree = "<group>"; };
		87BD447715580F7B0004853F /* NSData+Kolyvan.m */ = {isa = PBXFileReference; fileEncoding = 4; lastKnownFileType = sourcecode.c.objc; path = "NSData+Kolyvan.m"; sourceTree = "<group>"; };
		87BD447815580F7B0004853F /* NSDate+Kolyvan.h */ = {isa = PBXFileReference; fileEncoding = 4; lastKnownFileType = sourcecode.c.h; path = "NSDate+Kolyvan.h"; sourceTree = "<group>"; };
		87BD447915580F7B0004853F /* NSDate+Kolyvan.m */ = {isa = PBXFileReference; fileEncoding = 4; lastKnownFileType = sourcecode.c.objc; path = "NSDate+Kolyvan.m"; sourceTree = "<group>"; };
		87BD447A15580F7B0004853F /* NSDictionary+Kolyvan.h */ = {isa = PBXFileReference; fileEncoding = 4; lastKnownFileType = sourcecode.c.h; path = "NSDictionary+Kolyvan.h"; sourceTree = "<group>"; };
		87BD447B15580F7B0004853F /* NSDictionary+Kolyvan.m */ = {isa = PBXFileReference; fileEncoding = 4; lastKnownFileType = sourcecode.c.objc; path = "NSDictionary+Kolyvan.m"; sourceTree = "<group>"; };
		87BD447E15580F7B0004853F /* NSObject+Kolyvan.h */ = {isa = PBXFileReference; fileEncoding = 4; lastKnownFileType = sourcecode.c.h; path = "NSObject+Kolyvan.h"; sourceTree = "<group>"; };
		87BD447F15580F7B0004853F /* NSObject+Kolyvan.m */ = {isa = PBXFileReference; fileEncoding = 4; lastKnownFileType = sourcecode.c.objc; path = "NSObject+Kolyvan.m"; sourceTree = "<group>"; };
		87BD448015580F7B0004853F /* NSString+Kolyvan.h */ = {isa = PBXFileReference; fileEncoding = 4; lastKnownFileType = sourcecode.c.h; path = "NSString+Kolyvan.h"; sourceTree = "<group>"; };
		87BD448115580F7B0004853F /* NSString+Kolyvan.m */ = {isa = PBXFileReference; fileEncoding = 4; lastKnownFileType = sourcecode.c.objc; path = "NSString+Kolyvan.m"; sourceTree = "<group>"; };
		87BD449215580FB40004853F /* specs */ = {isa = PBXFileReference; explicitFileType = "compiled.mach-o.executable"; includeInIndex = 0; path = specs; sourceTree = BUILT_PRODUCTS_DIR; };
		87BD449615580FB40004853F /* main.m */ = {isa = PBXFileReference; lastKnownFileType = sourcecode.c.objc; path = main.m; sourceTree = "<group>"; };
		87BD449915580FB40004853F /* specs-Prefix.pch */ = {isa = PBXFileReference; lastKnownFileType = sourcecode.c.h; path = "specs-Prefix.pch"; sourceTree = "<group>"; };
		87BD449A15580FB50004853F /* specs.1 */ = {isa = PBXFileReference; lastKnownFileType = text.man; path = specs.1; sourceTree = "<group>"; };
		87BD44A6155810320004853F /* KxListSpec.m */ = {isa = PBXFileReference; fileEncoding = 4; lastKnownFileType = sourcecode.c.objc; path = KxListSpec.m; sourceTree = "<group>"; };
		87BD44A7155810320004853F /* NSArraySpec.m */ = {isa = PBXFileReference; fileEncoding = 4; lastKnownFileType = sourcecode.c.objc; path = NSArraySpec.m; sourceTree = "<group>"; };
		87BD44A8155810320004853F /* NSDataSpec.m */ = {isa = PBXFileReference; fileEncoding = 4; lastKnownFileType = sourcecode.c.objc; path = NSDataSpec.m; sourceTree = "<group>"; };
		87BD44A9155810320004853F /* NSDateSpec.m */ = {isa = PBXFileReference; fileEncoding = 4; lastKnownFileType = sourcecode.c.objc; path = NSDateSpec.m; sourceTree = "<group>"; };
		87BD44AA155810320004853F /* NSDictionarySpec.m */ = {isa = PBXFileReference; fileEncoding = 4; lastKnownFileType = sourcecode.c.objc; path = NSDictionarySpec.m; sourceTree = "<group>"; };
		87BD44AB155810320004853F /* NSStringSpec.m */ = {isa = PBXFileReference; fileEncoding = 4; lastKnownFileType = sourcecode.c.objc; path = NSStringSpec.m; sourceTree = "<group>"; };
		87BD44AC155810320004853F /* Tuple2Spec.m */ = {isa = PBXFileReference; fileEncoding = 4; lastKnownFileType = sourcecode.c.objc; path = Tuple2Spec.m; sourceTree = "<group>"; };
		87CFB20615A9ABBD008CCD1D /* libz.dylib */ = {isa = PBXFileReference; lastKnownFileType = "compiled.mach-o.dylib"; name = libz.dylib; path = usr/lib/libz.dylib; sourceTree = SDKROOT; };
/* End PBXFileReference section */

/* Begin PBXFrameworksBuildPhase section */
		87BD444D15580EC70004853F /* Frameworks */ = {
			isa = PBXFrameworksBuildPhase;
			buildActionMask = 2147483647;
			files = (
				87BD445515580EC70004853F /* Foundation.framework in Frameworks */,
			);
			runOnlyForDeploymentPostprocessing = 0;
		};
		87BD448F15580FB40004853F /* Frameworks */ = {
			isa = PBXFrameworksBuildPhase;
			buildActionMask = 2147483647;
			files = (
				87CFB20715A9ABBD008CCD1D /* libz.dylib in Frameworks */,
				87BD449415580FB40004853F /* Foundation.framework in Frameworks */,
				87BD44A4155810160004853F /* Cedar.framework in Frameworks */,
				87BD44A51558101A0004853F /* OCHamcrest.framework in Frameworks */,
			);
			runOnlyForDeploymentPostprocessing = 0;
		};
/* End PBXFrameworksBuildPhase section */

/* Begin PBXGroup section */
		87BD444515580EC70004853F = {
			isa = PBXGroup;
			children = (
				87CFB20615A9ABBD008CCD1D /* libz.dylib */,
				87BD445615580EC70004853F /* kxtools */,
				87BD449515580FB40004853F /* specs */,
				87BD445315580EC70004853F /* Frameworks */,
				87BD445115580EC70004853F /* Products */,
			);
			sourceTree = "<group>";
		};
		87BD445115580EC70004853F /* Products */ = {
			isa = PBXGroup;
			children = (
				87BD445015580EC70004853F /* kxtools */,
				87BD449215580FB40004853F /* specs */,
			);
			name = Products;
			sourceTree = "<group>";
		};
		87BD445315580EC70004853F /* Frameworks */ = {
			isa = PBXGroup;
			children = (
				87BD446315580F3E0004853F /* Cedar.framework */,
				87BD446415580F3E0004853F /* OCHamcrest.framework */,
				87BD445415580EC70004853F /* Foundation.framework */,
			);
			name = Frameworks;
			sourceTree = "<group>";
		};
		87BD445615580EC70004853F /* kxtools */ = {
			isa = PBXGroup;
			children = (
				87BD446915580F7B0004853F /* KxCast.h */,
				87BD446A15580F7B0004853F /* KxCast.m */,
				87BD446B15580F7B0004853F /* KxConsole.h */,
				87BD446C15580F7B0004853F /* KxConsole.m */,
				87BD446D15580F7B0004853F /* KxList.h */,
				87BD446E15580F7B0004853F /* KxList.m */,
				87BD446F15580F7B0004853F /* KxMacros.h */,
				8771A6691558E782001BB718 /* KxArc.h */,
				87BD447015580F7B0004853F /* KxTuple2.h */,
				87BD447115580F7B0004853F /* KxTuple2.m */,
				87BD447215580F7B0004853F /* KxUtils.h */,
				87BD447315580F7B0004853F /* KxUtils.m */,
				87BD447415580F7B0004853F /* NSArray+Kolyvan.h */,
				87BD447515580F7B0004853F /* NSArray+Kolyvan.m */,
				87BD447615580F7B0004853F /* NSData+Kolyvan.h */,
				87BD447715580F7B0004853F /* NSData+Kolyvan.m */,
				87BD447815580F7B0004853F /* NSDate+Kolyvan.h */,
				87BD447915580F7B0004853F /* NSDate+Kolyvan.m */,
				87BD447A15580F7B0004853F /* NSDictionary+Kolyvan.h */,
				87BD447B15580F7B0004853F /* NSDictionary+Kolyvan.m */,
				87BD447E15580F7B0004853F /* NSObject+Kolyvan.h */,
				87BD447F15580F7B0004853F /* NSObject+Kolyvan.m */,
				87BD448015580F7B0004853F /* NSString+Kolyvan.h */,
				87BD448115580F7B0004853F /* NSString+Kolyvan.m */,
				87BD445915580EC70004853F /* Supporting Files */,
			);
			path = kxtools;
			sourceTree = "<group>";
		};
		87BD445915580EC70004853F /* Supporting Files */ = {
			isa = PBXGroup;
			children = (
			);
			name = "Supporting Files";
			sourceTree = "<group>";
		};
		87BD449515580FB40004853F /* specs */ = {
			isa = PBXGroup;
			children = (
				87BD44A6155810320004853F /* KxListSpec.m */,
				87BD44A7155810320004853F /* NSArraySpec.m */,
				87BD44A8155810320004853F /* NSDataSpec.m */,
				87BD44A9155810320004853F /* NSDateSpec.m */,
				87BD44AA155810320004853F /* NSDictionarySpec.m */,
				87BD44AB155810320004853F /* NSStringSpec.m */,
				87BD44AC155810320004853F /* Tuple2Spec.m */,
				87BD449815580FB40004853F /* Supporting Files */,
			);
			path = specs;
			sourceTree = "<group>";
		};
		87BD449815580FB40004853F /* Supporting Files */ = {
			isa = PBXGroup;
			children = (
				87BD449615580FB40004853F /* main.m */,
				87BD449A15580FB50004853F /* specs.1 */,
				87BD449915580FB40004853F /* specs-Prefix.pch */,
			);
			name = "Supporting Files";
			sourceTree = "<group>";
		};
/* End PBXGroup section */

/* Begin PBXNativeTarget section */
		87BD444F15580EC70004853F /* kxtools */ = {
			isa = PBXNativeTarget;
			buildConfigurationList = 87BD445F15580EC70004853F /* Build configuration list for PBXNativeTarget "kxtools" */;
			buildPhases = (
				87BD444C15580EC70004853F /* Sources */,
				87BD444D15580EC70004853F /* Frameworks */,
				87BD444E15580EC70004853F /* CopyFiles */,
			);
			buildRules = (
			);
			dependencies = (
			);
			name = kxtools;
			productName = kxtools;
			productReference = 87BD445015580EC70004853F /* kxtools */;
			productType = "com.apple.product-type.tool";
		};
		87BD449115580FB40004853F /* specs */ = {
			isa = PBXNativeTarget;
			buildConfigurationList = 87BD449C15580FB50004853F /* Build configuration list for PBXNativeTarget "specs" */;
			buildPhases = (
				87BD448E15580FB40004853F /* Sources */,
				87BD448F15580FB40004853F /* Frameworks */,
				87BD449015580FB40004853F /* CopyFiles */,
			);
			buildRules = (
			);
			dependencies = (
			);
			name = specs;
			productName = specs;
			productReference = 87BD449215580FB40004853F /* specs */;
			productType = "com.apple.product-type.tool";
		};
/* End PBXNativeTarget section */

/* Begin PBXProject section */
		87BD444715580EC70004853F /* Project object */ = {
			isa = PBXProject;
			attributes = {
				LastUpgradeCheck = 0430;
			};
			buildConfigurationList = 87BD444A15580EC70004853F /* Build configuration list for PBXProject "kxtools" */;
			compatibilityVersion = "Xcode 3.2";
			developmentRegion = English;
			hasScannedForEncodings = 0;
			knownRegions = (
				en,
			);
			mainGroup = 87BD444515580EC70004853F;
			productRefGroup = 87BD445115580EC70004853F /* Products */;
			projectDirPath = "";
			projectRoot = "";
			targets = (
				87BD444F15580EC70004853F /* kxtools */,
				87BD449115580FB40004853F /* specs */,
			);
		};
/* End PBXProject section */

/* Begin PBXSourcesBuildPhase section */
		87BD444C15580EC70004853F /* Sources */ = {
			isa = PBXSourcesBuildPhase;
			buildActionMask = 2147483647;
			files = (
				87BD448215580F7B0004853F /* KxCast.m in Sources */,
				87BD448315580F7B0004853F /* KxConsole.m in Sources */,
				87BD448415580F7B0004853F /* KxList.m in Sources */,
				87BD448515580F7B0004853F /* KxTuple2.m in Sources */,
				87BD448615580F7B0004853F /* KxUtils.m in Sources */,
				87BD448715580F7B0004853F /* NSArray+Kolyvan.m in Sources */,
				87BD448815580F7B0004853F /* NSData+Kolyvan.m in Sources */,
				87BD448915580F7B0004853F /* NSDate+Kolyvan.m in Sources */,
				87BD448A15580F7B0004853F /* NSDictionary+Kolyvan.m in Sources */,
				87BD448C15580F7B0004853F /* NSObject+Kolyvan.m in Sources */,
				87BD448D15580F7B0004853F /* NSString+Kolyvan.m in Sources */,
			);
			runOnlyForDeploymentPostprocessing = 0;
		};
		87BD448E15580FB40004853F /* Sources */ = {
			isa = PBXSourcesBuildPhase;
			buildActionMask = 2147483647;
			files = (
				87BD449715580FB40004853F /* main.m in Sources */,
				87BD44AD155810320004853F /* KxListSpec.m in Sources */,
				87BD44AE155810320004853F /* NSArraySpec.m in Sources */,
				87BD44AF155810320004853F /* NSDataSpec.m in Sources */,
				87BD44B0155810320004853F /* NSDateSpec.m in Sources */,
				87BD44B1155810320004853F /* NSDictionarySpec.m in Sources */,
				87BD44B2155810320004853F /* NSStringSpec.m in Sources */,
				87BD44B3155810320004853F /* Tuple2Spec.m in Sources */,
				87BD44B41558104A0004853F /* KxCast.m in Sources */,
				87BD44B5155810510004853F /* KxList.m in Sources */,
				87BD44B6155810550004853F /* KxTuple2.m in Sources */,
				87BD44B7155810580004853F /* KxUtils.m in Sources */,
				87BD44B81558105B0004853F /* NSArray+Kolyvan.m in Sources */,
				87BD44B9155810600004853F /* NSData+Kolyvan.m in Sources */,
				87BD44BA155810670004853F /* NSDate+Kolyvan.m in Sources */,
				87BD44BB1558106E0004853F /* NSDictionary+Kolyvan.m in Sources */,
				87BD44BD155810750004853F /* NSObject+Kolyvan.m in Sources */,
				87BD44BE155810780004853F /* NSString+Kolyvan.m in Sources */,
			);
			runOnlyForDeploymentPostprocessing = 0;
		};
/* End PBXSourcesBuildPhase section */

/* Begin XCBuildConfiguration section */
		87BD445D15580EC70004853F /* Debug */ = {
			isa = XCBuildConfiguration;
			buildSettings = {
				ALWAYS_SEARCH_USER_PATHS = NO;
				ARCHS = "$(ARCHS_STANDARD_64_BIT)";
				COPY_PHASE_STRIP = NO;
				GCC_C_LANGUAGE_STANDARD = gnu99;
				GCC_DYNAMIC_NO_PIC = NO;
				GCC_ENABLE_OBJC_EXCEPTIONS = YES;
				GCC_OPTIMIZATION_LEVEL = 0;
				GCC_PREPROCESSOR_DEFINITIONS = (
					"DEBUG=1",
					"$(inherited)",
				);
				GCC_SYMBOLS_PRIVATE_EXTERN = NO;
				GCC_VERSION = com.apple.compilers.llvm.clang.1_0;
				GCC_WARN_64_TO_32_BIT_CONVERSION = YES;
				GCC_WARN_ABOUT_RETURN_TYPE = YES;
				GCC_WARN_UNINITIALIZED_AUTOS = YES;
				GCC_WARN_UNUSED_VARIABLE = YES;
				MACOSX_DEPLOYMENT_TARGET = 10.7;
				ONLY_ACTIVE_ARCH = YES;
				SDKROOT = macosx;
			};
			name = Debug;
		};
		87BD445E15580EC70004853F /* Release */ = {
			isa = XCBuildConfiguration;
			buildSettings = {
				ALWAYS_SEARCH_USER_PATHS = NO;
				ARCHS = "$(ARCHS_STANDARD_64_BIT)";
				COPY_PHASE_STRIP = YES;
				DEBUG_INFORMATION_FORMAT = "dwarf-with-dsym";
				GCC_C_LANGUAGE_STANDARD = gnu99;
				GCC_ENABLE_OBJC_EXCEPTIONS = YES;
				GCC_VERSION = com.apple.compilers.llvm.clang.1_0;
				GCC_WARN_64_TO_32_BIT_CONVERSION = YES;
				GCC_WARN_ABOUT_RETURN_TYPE = YES;
				GCC_WARN_UNINITIALIZED_AUTOS = YES;
				GCC_WARN_UNUSED_VARIABLE = YES;
				MACOSX_DEPLOYMENT_TARGET = 10.7;
				SDKROOT = macosx;
			};
			name = Release;
		};
		87BD446015580EC70004853F /* Debug */ = {
			isa = XCBuildConfiguration;
			buildSettings = {
				CLANG_ENABLE_OBJC_ARC = YES;
				FRAMEWORK_SEARCH_PATHS = (
					"$(inherited)",
					"\"$(SRCROOT)/Frameworks\"",
				);
				GCC_PRECOMPILE_PREFIX_HEADER = YES;
				GCC_PREFIX_HEADER = "kxtools/kxtools-Prefix.pch";
				PRODUCT_NAME = "$(TARGET_NAME)";
			};
			name = Debug;
		};
		87BD446115580EC70004853F /* Release */ = {
			isa = XCBuildConfiguration;
			buildSettings = {
				CLANG_ENABLE_OBJC_ARC = YES;
				FRAMEWORK_SEARCH_PATHS = (
					"$(inherited)",
					"\"$(SRCROOT)/Frameworks\"",
				);
				GCC_PRECOMPILE_PREFIX_HEADER = YES;
				GCC_PREFIX_HEADER = "kxtools/kxtools-Prefix.pch";
				PRODUCT_NAME = "$(TARGET_NAME)";
			};
			name = Release;
		};
		87BD449D15580FB50004853F /* Debug */ = {
			isa = XCBuildConfiguration;
			buildSettings = {
				CLANG_ENABLE_OBJC_ARC = YES;
				FRAMEWORK_SEARCH_PATHS = (
					"$(inherited)",
					"\"$(SRCROOT)/Frameworks\"",
				);
				GCC_PRECOMPILE_PREFIX_HEADER = YES;
				GCC_PREFIX_HEADER = "specs/specs-Prefix.pch";
				PRODUCT_NAME = "$(TARGET_NAME)";
			};
			name = Debug;
		};
		87BD449E15580FB50004853F /* Release */ = {
			isa = XCBuildConfiguration;
			buildSettings = {
				CLANG_ENABLE_OBJC_ARC = YES;
				FRAMEWORK_SEARCH_PATHS = (
					"$(inherited)",
					"\"$(SRCROOT)/Frameworks\"",
				);
				GCC_PRECOMPILE_PREFIX_HEADER = YES;
				GCC_PREFIX_HEADER = "specs/specs-Prefix.pch";
				PRODUCT_NAME = "$(TARGET_NAME)";
			};
			name = Release;
		};
/* End XCBuildConfiguration section */

/* Begin XCConfigurationList section */
		87BD444A15580EC70004853F /* Build configuration list for PBXProject "kxtools" */ = {
			isa = XCConfigurationList;
			buildConfigurations = (
				87BD445D15580EC70004853F /* Debug */,
				87BD445E15580EC70004853F /* Release */,
			);
			defaultConfigurationIsVisible = 0;
			defaultConfigurationName = Release;
		};
		87BD445F15580EC70004853F /* Build configuration list for PBXNativeTarget "kxtools" */ = {
			isa = XCConfigurationList;
			buildConfigurations = (
				87BD446015580EC70004853F /* Debug */,
				87BD446115580EC70004853F /* Release */,
			);
			defaultConfigurationIsVisible = 0;
			defaultConfigurationName = Release;
		};
		87BD449C15580FB50004853F /* Build configuration list for PBXNativeTarget "specs" */ = {
			isa = XCConfigurationList;
			buildConfigurations = (
				87BD449D15580FB50004853F /* Debug */,
				87BD449E15580FB50004853F /* Release */,
			);
			defaultConfigurationIsVisible = 0;
			defaultConfigurationName = Release;
		};
/* End XCConfigurationList section */
	};
	rootObject = 87BD444715580EC70004853F /* Project object */;
}
